// !$*UTF8*$!
{
	archiveVersion = 1;
	classes = {
	};
	objectVersion = 55;
	objects = {

/* Begin PBXBuildFile section */
		5AFDB02B2868B6F600A36E70 /* GIF_AppApp.swift in Sources */ = {isa = PBXBuildFile; fileRef = 5AFDB02A2868B6F600A36E70 /* GIF_AppApp.swift */; };
		5AFDB02D2868B6F600A36E70 /* ContentView.swift in Sources */ = {isa = PBXBuildFile; fileRef = 5AFDB02C2868B6F600A36E70 /* ContentView.swift */; };
		5AFDB02F2868B6FA00A36E70 /* Assets.xcassets in Resources */ = {isa = PBXBuildFile; fileRef = 5AFDB02E2868B6FA00A36E70 /* Assets.xcassets */; };
		5AFDB0322868B6FA00A36E70 /* Preview Assets.xcassets in Resources */ = {isa = PBXBuildFile; fileRef = 5AFDB0312868B6FA00A36E70 /* Preview Assets.xcassets */; };
		5AFDB0342868B6FA00A36E70 /* Persistence.swift in Sources */ = {isa = PBXBuildFile; fileRef = 5AFDB0332868B6FA00A36E70 /* Persistence.swift */; };
		5AFDB0372868B6FA00A36E70 /* GIF_App.xcdatamodeld in Sources */ = {isa = PBXBuildFile; fileRef = 5AFDB0352868B6FA00A36E70 /* GIF_App.xcdatamodeld */; };
		5AFDB0412868B6FB00A36E70 /* GIF_AppTests.swift in Sources */ = {isa = PBXBuildFile; fileRef = 5AFDB0402868B6FB00A36E70 /* GIF_AppTests.swift */; };
		5AFDB04B2868B6FB00A36E70 /* GIF_AppUITests.swift in Sources */ = {isa = PBXBuildFile; fileRef = 5AFDB04A2868B6FB00A36E70 /* GIF_AppUITests.swift */; };
		5AFDB04D2868B6FB00A36E70 /* GIF_AppUITestsLaunchTests.swift in Sources */ = {isa = PBXBuildFile; fileRef = 5AFDB04C2868B6FB00A36E70 /* GIF_AppUITestsLaunchTests.swift */; };
/* End PBXBuildFile section */

/* Begin PBXContainerItemProxy section */
		5AFDB03D2868B6FB00A36E70 /* PBXContainerItemProxy */ = {
			isa = PBXContainerItemProxy;
			containerPortal = 5AFDB01F2868B6F600A36E70 /* Project object */;
			proxyType = 1;
			remoteGlobalIDString = 5AFDB0262868B6F600A36E70;
			remoteInfo = "GIF App";
		};
		5AFDB0472868B6FB00A36E70 /* PBXContainerItemProxy */ = {
			isa = PBXContainerItemProxy;
			containerPortal = 5AFDB01F2868B6F600A36E70 /* Project object */;
			proxyType = 1;
			remoteGlobalIDString = 5AFDB0262868B6F600A36E70;
			remoteInfo = "GIF App";
		};
/* End PBXContainerItemProxy section */

/* Begin PBXFileReference section */
		5AFDB0272868B6F600A36E70 /* GIF App.app */ = {isa = PBXFileReference; explicitFileType = wrapper.application; includeInIndex = 0; path = "GIF App.app"; sourceTree = BUILT_PRODUCTS_DIR; };
		5AFDB02A2868B6F600A36E70 /* GIF_AppApp.swift */ = {isa = PBXFileReference; lastKnownFileType = sourcecode.swift; path = GIF_AppApp.swift; sourceTree = "<group>"; };
		5AFDB02C2868B6F600A36E70 /* ContentView.swift */ = {isa = PBXFileReference; lastKnownFileType = sourcecode.swift; path = ContentView.swift; sourceTree = "<group>"; };
		5AFDB02E2868B6FA00A36E70 /* Assets.xcassets */ = {isa = PBXFileReference; lastKnownFileType = folder.assetcatalog; path = Assets.xcassets; sourceTree = "<group>"; };
		5AFDB0312868B6FA00A36E70 /* Preview Assets.xcassets */ = {isa = PBXFileReference; lastKnownFileType = folder.assetcatalog; path = "Preview Assets.xcassets"; sourceTree = "<group>"; };
		5AFDB0332868B6FA00A36E70 /* Persistence.swift */ = {isa = PBXFileReference; lastKnownFileType = sourcecode.swift; path = Persistence.swift; sourceTree = "<group>"; };
		5AFDB0362868B6FA00A36E70 /* GIF_App.xcdatamodel */ = {isa = PBXFileReference; lastKnownFileType = wrapper.xcdatamodel; path = GIF_App.xcdatamodel; sourceTree = "<group>"; };
		5AFDB03C2868B6FB00A36E70 /* GIF AppTests.xctest */ = {isa = PBXFileReference; explicitFileType = wrapper.cfbundle; includeInIndex = 0; path = "GIF AppTests.xctest"; sourceTree = BUILT_PRODUCTS_DIR; };
		5AFDB0402868B6FB00A36E70 /* GIF_AppTests.swift */ = {isa = PBXFileReference; lastKnownFileType = sourcecode.swift; path = GIF_AppTests.swift; sourceTree = "<group>"; };
		5AFDB0462868B6FB00A36E70 /* GIF AppUITests.xctest */ = {isa = PBXFileReference; explicitFileType = wrapper.cfbundle; includeInIndex = 0; path = "GIF AppUITests.xctest"; sourceTree = BUILT_PRODUCTS_DIR; };
		5AFDB04A2868B6FB00A36E70 /* GIF_AppUITests.swift */ = {isa = PBXFileReference; lastKnownFileType = sourcecode.swift; path = GIF_AppUITests.swift; sourceTree = "<group>"; };
		5AFDB04C2868B6FB00A36E70 /* GIF_AppUITestsLaunchTests.swift */ = {isa = PBXFileReference; lastKnownFileType = sourcecode.swift; path = GIF_AppUITestsLaunchTests.swift; sourceTree = "<group>"; };
/* End PBXFileReference section */

/* Begin PBXFrameworksBuildPhase section */
		5AFDB0242868B6F600A36E70 /* Frameworks */ = {
			isa = PBXFrameworksBuildPhase;
			buildActionMask = 2147483647;
			files = (
			);
			runOnlyForDeploymentPostprocessing = 0;
		};
		5AFDB0392868B6FB00A36E70 /* Frameworks */ = {
			isa = PBXFrameworksBuildPhase;
			buildActionMask = 2147483647;
			files = (
			);
			runOnlyForDeploymentPostprocessing = 0;
		};
		5AFDB0432868B6FB00A36E70 /* Frameworks */ = {
			isa = PBXFrameworksBuildPhase;
			buildActionMask = 2147483647;
			files = (
			);
			runOnlyForDeploymentPostprocessing = 0;
		};
/* End PBXFrameworksBuildPhase section */

/* Begin PBXGroup section */
		5AFDB01E2868B6F600A36E70 = {
			isa = PBXGroup;
			children = (
				5AFDB0292868B6F600A36E70 /* GIF App */,
				5AFDB03F2868B6FB00A36E70 /* GIF AppTests */,
				5AFDB0492868B6FB00A36E70 /* GIF AppUITests */,
				5AFDB0282868B6F600A36E70 /* Products */,
			);
			sourceTree = "<group>";
		};
		5AFDB0282868B6F600A36E70 /* Products */ = {
			isa = PBXGroup;
			children = (
				5AFDB0272868B6F600A36E70 /* GIF App.app */,
				5AFDB03C2868B6FB00A36E70 /* GIF AppTests.xctest */,
				5AFDB0462868B6FB00A36E70 /* GIF AppUITests.xctest */,
			);
			name = Products;
			sourceTree = "<group>";
		};
		5AFDB0292868B6F600A36E70 /* GIF App */ = {
			isa = PBXGroup;
			children = (
				5AFDB02A2868B6F600A36E70 /* GIF_AppApp.swift */,
				5AFDB02C2868B6F600A36E70 /* ContentView.swift */,
				5AFDB02E2868B6FA00A36E70 /* Assets.xcassets */,
				5AFDB0332868B6FA00A36E70 /* Persistence.swift */,
				5AFDB0352868B6FA00A36E70 /* GIF_App.xcdatamodeld */,
				5AFDB0302868B6FA00A36E70 /* Preview Content */,
			);
			path = "GIF App";
			sourceTree = "<group>";
		};
		5AFDB0302868B6FA00A36E70 /* Preview Content */ = {
			isa = PBXGroup;
			children = (
				5AFDB0312868B6FA00A36E70 /* Preview Assets.xcassets */,
			);
			path = "Preview Content";
			sourceTree = "<group>";
		};
		5AFDB03F2868B6FB00A36E70 /* GIF AppTests */ = {
			isa = PBXGroup;
			children = (
				5AFDB0402868B6FB00A36E70 /* GIF_AppTests.swift */,
			);
			path = "GIF AppTests";
			sourceTree = "<group>";
		};
		5AFDB0492868B6FB00A36E70 /* GIF AppUITests */ = {
			isa = PBXGroup;
			children = (
				5AFDB04A2868B6FB00A36E70 /* GIF_AppUITests.swift */,
				5AFDB04C2868B6FB00A36E70 /* GIF_AppUITestsLaunchTests.swift */,
			);
			path = "GIF AppUITests";
			sourceTree = "<group>";
		};
/* End PBXGroup section */

/* Begin PBXNativeTarget section */
		5AFDB0262868B6F600A36E70 /* GIF App */ = {
			isa = PBXNativeTarget;
			buildConfigurationList = 5AFDB0502868B6FB00A36E70 /* Build configuration list for PBXNativeTarget "GIF App" */;
			buildPhases = (
				5AFDB0232868B6F600A36E70 /* Sources */,
				5AFDB0242868B6F600A36E70 /* Frameworks */,
				5AFDB0252868B6F600A36E70 /* Resources */,
			);
			buildRules = (
			);
			dependencies = (
			);
			name = "GIF App";
			productName = "GIF App";
			productReference = 5AFDB0272868B6F600A36E70 /* GIF App.app */;
			productType = "com.apple.product-type.application";
		};
		5AFDB03B2868B6FB00A36E70 /* GIF AppTests */ = {
			isa = PBXNativeTarget;
			buildConfigurationList = 5AFDB0532868B6FB00A36E70 /* Build configuration list for PBXNativeTarget "GIF AppTests" */;
			buildPhases = (
				5AFDB0382868B6FB00A36E70 /* Sources */,
				5AFDB0392868B6FB00A36E70 /* Frameworks */,
				5AFDB03A2868B6FB00A36E70 /* Resources */,
			);
			buildRules = (
			);
			dependencies = (
				5AFDB03E2868B6FB00A36E70 /* PBXTargetDependency */,
			);
			name = "GIF AppTests";
			productName = "GIF AppTests";
			productReference = 5AFDB03C2868B6FB00A36E70 /* GIF AppTests.xctest */;
			productType = "com.apple.product-type.bundle.unit-test";
		};
		5AFDB0452868B6FB00A36E70 /* GIF AppUITests */ = {
			isa = PBXNativeTarget;
			buildConfigurationList = 5AFDB0562868B6FB00A36E70 /* Build configuration list for PBXNativeTarget "GIF AppUITests" */;
			buildPhases = (
				5AFDB0422868B6FB00A36E70 /* Sources */,
				5AFDB0432868B6FB00A36E70 /* Frameworks */,
				5AFDB0442868B6FB00A36E70 /* Resources */,
			);
			buildRules = (
			);
			dependencies = (
				5AFDB0482868B6FB00A36E70 /* PBXTargetDependency */,
			);
			name = "GIF AppUITests";
			productName = "GIF AppUITests";
			productReference = 5AFDB0462868B6FB00A36E70 /* GIF AppUITests.xctest */;
			productType = "com.apple.product-type.bundle.ui-testing";
		};
/* End PBXNativeTarget section */

/* Begin PBXProject section */
		5AFDB01F2868B6F600A36E70 /* Project object */ = {
			isa = PBXProject;
			attributes = {
				BuildIndependentTargetsInParallel = 1;
				LastSwiftUpdateCheck = 1330;
				LastUpgradeCheck = 1330;
				TargetAttributes = {
					5AFDB0262868B6F600A36E70 = {
						CreatedOnToolsVersion = 13.3.1;
					};
					5AFDB03B2868B6FB00A36E70 = {
						CreatedOnToolsVersion = 13.3.1;
						TestTargetID = 5AFDB0262868B6F600A36E70;
					};
					5AFDB0452868B6FB00A36E70 = {
						CreatedOnToolsVersion = 13.3.1;
						TestTargetID = 5AFDB0262868B6F600A36E70;
					};
				};
			};
			buildConfigurationList = 5AFDB0222868B6F600A36E70 /* Build configuration list for PBXProject "GIF App" */;
			compatibilityVersion = "Xcode 13.0";
			developmentRegion = en;
			hasScannedForEncodings = 0;
			knownRegions = (
				en,
				Base,
			);
			mainGroup = 5AFDB01E2868B6F600A36E70;
			productRefGroup = 5AFDB0282868B6F600A36E70 /* Products */;
			projectDirPath = "";
			projectRoot = "";
			targets = (
				5AFDB0262868B6F600A36E70 /* GIF App */,
				5AFDB03B2868B6FB00A36E70 /* GIF AppTests */,
				5AFDB0452868B6FB00A36E70 /* GIF AppUITests */,
			);
		};
/* End PBXProject section */

/* Begin PBXResourcesBuildPhase section */
		5AFDB0252868B6F600A36E70 /* Resources */ = {
			isa = PBXResourcesBuildPhase;
			buildActionMask = 2147483647;
			files = (
				5AFDB0322868B6FA00A36E70 /* Preview Assets.xcassets in Resources */,
				5AFDB02F2868B6FA00A36E70 /* Assets.xcassets in Resources */,
			);
			runOnlyForDeploymentPostprocessing = 0;
		};
		5AFDB03A2868B6FB00A36E70 /* Resources */ = {
			isa = PBXResourcesBuildPhase;
			buildActionMask = 2147483647;
			files = (
			);
			runOnlyForDeploymentPostprocessing = 0;
		};
		5AFDB0442868B6FB00A36E70 /* Resources */ = {
			isa = PBXResourcesBuildPhase;
			buildActionMask = 2147483647;
			files = (
			);
			runOnlyForDeploymentPostprocessing = 0;
		};
/* End PBXResourcesBuildPhase section */

/* Begin PBXSourcesBuildPhase section */
		5AFDB0232868B6F600A36E70 /* Sources */ = {
			isa = PBXSourcesBuildPhase;
			buildActionMask = 2147483647;
			files = (
				5AFDB0342868B6FA00A36E70 /* Persistence.swift in Sources */,
				5AFDB02D2868B6F600A36E70 /* ContentView.swift in Sources */,
				5AFDB0372868B6FA00A36E70 /* GIF_App.xcdatamodeld in Sources */,
				5AFDB02B2868B6F600A36E70 /* GIF_AppApp.swift in Sources */,
			);
			runOnlyForDeploymentPostprocessing = 0;
		};
		5AFDB0382868B6FB00A36E70 /* Sources */ = {
			isa = PBXSourcesBuildPhase;
			buildActionMask = 2147483647;
			files = (
				5AFDB0412868B6FB00A36E70 /* GIF_AppTests.swift in Sources */,
			);
			runOnlyForDeploymentPostprocessing = 0;
		};
		5AFDB0422868B6FB00A36E70 /* Sources */ = {
			isa = PBXSourcesBuildPhase;
			buildActionMask = 2147483647;
			files = (
				5AFDB04B2868B6FB00A36E70 /* GIF_AppUITests.swift in Sources */,
				5AFDB04D2868B6FB00A36E70 /* GIF_AppUITestsLaunchTests.swift in Sources */,
			);
			runOnlyForDeploymentPostprocessing = 0;
		};
/* End PBXSourcesBuildPhase section */

/* Begin PBXTargetDependency section */
		5AFDB03E2868B6FB00A36E70 /* PBXTargetDependency */ = {
			isa = PBXTargetDependency;
			target = 5AFDB0262868B6F600A36E70 /* GIF App */;
			targetProxy = 5AFDB03D2868B6FB00A36E70 /* PBXContainerItemProxy */;
		};
		5AFDB0482868B6FB00A36E70 /* PBXTargetDependency */ = {
			isa = PBXTargetDependency;
			target = 5AFDB0262868B6F600A36E70 /* GIF App */;
			targetProxy = 5AFDB0472868B6FB00A36E70 /* PBXContainerItemProxy */;
		};
/* End PBXTargetDependency section */

/* Begin XCBuildConfiguration section */
		5AFDB04E2868B6FB00A36E70 /* Debug */ = {
			isa = XCBuildConfiguration;
			buildSettings = {
				ALWAYS_SEARCH_USER_PATHS = NO;
				CLANG_ANALYZER_NONNULL = YES;
				CLANG_ANALYZER_NUMBER_OBJECT_CONVERSION = YES_AGGRESSIVE;
				CLANG_CXX_LANGUAGE_STANDARD = "gnu++17";
				CLANG_ENABLE_MODULES = YES;
				CLANG_ENABLE_OBJC_ARC = YES;
				CLANG_ENABLE_OBJC_WEAK = YES;
				CLANG_WARN_BLOCK_CAPTURE_AUTORELEASING = YES;
				CLANG_WARN_BOOL_CONVERSION = YES;
				CLANG_WARN_COMMA = YES;
				CLANG_WARN_CONSTANT_CONVERSION = YES;
				CLANG_WARN_DEPRECATED_OBJC_IMPLEMENTATIONS = YES;
				CLANG_WARN_DIRECT_OBJC_ISA_USAGE = YES_ERROR;
				CLANG_WARN_DOCUMENTATION_COMMENTS = YES;
				CLANG_WARN_EMPTY_BODY = YES;
				CLANG_WARN_ENUM_CONVERSION = YES;
				CLANG_WARN_INFINITE_RECURSION = YES;
				CLANG_WARN_INT_CONVERSION = YES;
				CLANG_WARN_NON_LITERAL_NULL_CONVERSION = YES;
				CLANG_WARN_OBJC_IMPLICIT_RETAIN_SELF = YES;
				CLANG_WARN_OBJC_LITERAL_CONVERSION = YES;
				CLANG_WARN_OBJC_ROOT_CLASS = YES_ERROR;
				CLANG_WARN_QUOTED_INCLUDE_IN_FRAMEWORK_HEADER = YES;
				CLANG_WARN_RANGE_LOOP_ANALYSIS = YES;
				CLANG_WARN_STRICT_PROTOTYPES = YES;
				CLANG_WARN_SUSPICIOUS_MOVE = YES;
				CLANG_WARN_UNGUARDED_AVAILABILITY = YES_AGGRESSIVE;
				CLANG_WARN_UNREACHABLE_CODE = YES;
				CLANG_WARN__DUPLICATE_METHOD_MATCH = YES;
				COPY_PHASE_STRIP = NO;
				DEBUG_INFORMATION_FORMAT = dwarf;
				ENABLE_STRICT_OBJC_MSGSEND = YES;
				ENABLE_TESTABILITY = YES;
				GCC_C_LANGUAGE_STANDARD = gnu11;
				GCC_DYNAMIC_NO_PIC = NO;
				GCC_NO_COMMON_BLOCKS = YES;
				GCC_OPTIMIZATION_LEVEL = 0;
				GCC_PREPROCESSOR_DEFINITIONS = (
					"DEBUG=1",
					"$(inherited)",
				);
				GCC_WARN_64_TO_32_BIT_CONVERSION = YES;
				GCC_WARN_ABOUT_RETURN_TYPE = YES_ERROR;
				GCC_WARN_UNDECLARED_SELECTOR = YES;
				GCC_WARN_UNINITIALIZED_AUTOS = YES_AGGRESSIVE;
				GCC_WARN_UNUSED_FUNCTION = YES;
				GCC_WARN_UNUSED_VARIABLE = YES;
				IPHONEOS_DEPLOYMENT_TARGET = 15.4;
				MTL_ENABLE_DEBUG_INFO = INCLUDE_SOURCE;
				MTL_FAST_MATH = YES;
				ONLY_ACTIVE_ARCH = YES;
				SDKROOT = iphoneos;
				SWIFT_ACTIVE_COMPILATION_CONDITIONS = DEBUG;
				SWIFT_OPTIMIZATION_LEVEL = "-Onone";
			};
			name = Debug;
		};
		5AFDB04F2868B6FB00A36E70 /* Release */ = {
			isa = XCBuildConfiguration;
			buildSettings = {
				ALWAYS_SEARCH_USER_PATHS = NO;
				CLANG_ANALYZER_NONNULL = YES;
				CLANG_ANALYZER_NUMBER_OBJECT_CONVERSION = YES_AGGRESSIVE;
				CLANG_CXX_LANGUAGE_STANDARD = "gnu++17";
				CLANG_ENABLE_MODULES = YES;
				CLANG_ENABLE_OBJC_ARC = YES;
				CLANG_ENABLE_OBJC_WEAK = YES;
				CLANG_WARN_BLOCK_CAPTURE_AUTORELEASING = YES;
				CLANG_WARN_BOOL_CONVERSION = YES;
				CLANG_WARN_COMMA = YES;
				CLANG_WARN_CONSTANT_CONVERSION = YES;
				CLANG_WARN_DEPRECATED_OBJC_IMPLEMENTATIONS = YES;
				CLANG_WARN_DIRECT_OBJC_ISA_USAGE = YES_ERROR;
				CLANG_WARN_DOCUMENTATION_COMMENTS = YES;
				CLANG_WARN_EMPTY_BODY = YES;
				CLANG_WARN_ENUM_CONVERSION = YES;
				CLANG_WARN_INFINITE_RECURSION = YES;
				CLANG_WARN_INT_CONVERSION = YES;
				CLANG_WARN_NON_LITERAL_NULL_CONVERSION = YES;
				CLANG_WARN_OBJC_IMPLICIT_RETAIN_SELF = YES;
				CLANG_WARN_OBJC_LITERAL_CONVERSION = YES;
				CLANG_WARN_OBJC_ROOT_CLASS = YES_ERROR;
				CLANG_WARN_QUOTED_INCLUDE_IN_FRAMEWORK_HEADER = YES;
				CLANG_WARN_RANGE_LOOP_ANALYSIS = YES;
				CLANG_WARN_STRICT_PROTOTYPES = YES;
				CLANG_WARN_SUSPICIOUS_MOVE = YES;
				CLANG_WARN_UNGUARDED_AVAILABILITY = YES_AGGRESSIVE;
				CLANG_WARN_UNREACHABLE_CODE = YES;
				CLANG_WARN__DUPLICATE_METHOD_MATCH = YES;
				COPY_PHASE_STRIP = NO;
				DEBUG_INFORMATION_FORMAT = "dwarf-with-dsym";
				ENABLE_NS_ASSERTIONS = NO;
				ENABLE_STRICT_OBJC_MSGSEND = YES;
				GCC_C_LANGUAGE_STANDARD = gnu11;
				GCC_NO_COMMON_BLOCKS = YES;
				GCC_WARN_64_TO_32_BIT_CONVERSION = YES;
				GCC_WARN_ABOUT_RETURN_TYPE = YES_ERROR;
				GCC_WARN_UNDECLARED_SELECTOR = YES;
				GCC_WARN_UNINITIALIZED_AUTOS = YES_AGGRESSIVE;
				GCC_WARN_UNUSED_FUNCTION = YES;
				GCC_WARN_UNUSED_VARIABLE = YES;
				IPHONEOS_DEPLOYMENT_TARGET = 15.4;
				MTL_ENABLE_DEBUG_INFO = NO;
				MTL_FAST_MATH = YES;
				SDKROOT = iphoneos;
				SWIFT_COMPILATION_MODE = wholemodule;
				SWIFT_OPTIMIZATION_LEVEL = "-O";
				VALIDATE_PRODUCT = YES;
			};
			name = Release;
		};
		5AFDB0512868B6FB00A36E70 /* Debug */ = {
			isa = XCBuildConfiguration;
			buildSettings = {
				ASSETCATALOG_COMPILER_APPICON_NAME = AppIcon;
				ASSETCATALOG_COMPILER_GLOBAL_ACCENT_COLOR_NAME = AccentColor;
				CODE_SIGN_STYLE = Automatic;
				CURRENT_PROJECT_VERSION = 1;
				DEVELOPMENT_ASSET_PATHS = "\"GIF App/Preview Content\"";
				DEVELOPMENT_TEAM = C9V28LHSUN;
				ENABLE_PREVIEWS = YES;
				GENERATE_INFOPLIST_FILE = YES;
				INFOPLIST_KEY_UIApplicationSceneManifest_Generation = YES;
				INFOPLIST_KEY_UIApplicationSupportsIndirectInputEvents = YES;
				INFOPLIST_KEY_UILaunchScreen_Generation = YES;
				INFOPLIST_KEY_UISupportedInterfaceOrientations_iPad = "UIInterfaceOrientationPortrait UIInterfaceOrientationPortraitUpsideDown UIInterfaceOrientationLandscapeLeft UIInterfaceOrientationLandscapeRight";
				INFOPLIST_KEY_UISupportedInterfaceOrientations_iPhone = "UIInterfaceOrientationPortrait UIInterfaceOrientationLandscapeLeft UIInterfaceOrientationLandscapeRight";
				LD_RUNPATH_SEARCH_PATHS = (
					"$(inherited)",
					"@executable_path/Frameworks",
				);
				MARKETING_VERSION = 1.0;
				PRODUCT_BUNDLE_IDENTIFIER = "gif.com.GIF-App";
				PRODUCT_NAME = "$(TARGET_NAME)";
				SWIFT_EMIT_LOC_STRINGS = YES;
				SWIFT_VERSION = 5.0;
				TARGETED_DEVICE_FAMILY = "1,2";
			};
			name = Debug;
		};
		5AFDB0522868B6FB00A36E70 /* Release */ = {
			isa = XCBuildConfiguration;
			buildSettings = {
				ASSETCATALOG_COMPILER_APPICON_NAME = AppIcon;
				ASSETCATALOG_COMPILER_GLOBAL_ACCENT_COLOR_NAME = AccentColor;
				CODE_SIGN_STYLE = Automatic;
				CURRENT_PROJECT_VERSION = 1;
				DEVELOPMENT_ASSET_PATHS = "\"GIF App/Preview Content\"";
				DEVELOPMENT_TEAM = C9V28LHSUN;
				ENABLE_PREVIEWS = YES;
				GENERATE_INFOPLIST_FILE = YES;
				INFOPLIST_KEY_UIApplicationSceneManifest_Generation = YES;
				INFOPLIST_KEY_UIApplicationSupportsIndirectInputEvents = YES;
				INFOPLIST_KEY_UILaunchScreen_Generation = YES;
				INFOPLIST_KEY_UISupportedInterfaceOrientations_iPad = "UIInterfaceOrientationPortrait UIInterfaceOrientationPortraitUpsideDown UIInterfaceOrientationLandscapeLeft UIInterfaceOrientationLandscapeRight";
				INFOPLIST_KEY_UISupportedInterfaceOrientations_iPhone = "UIInterfaceOrientationPortrait UIInterfaceOrientationLandscapeLeft UIInterfaceOrientationLandscapeRight";
				LD_RUNPATH_SEARCH_PATHS = (
					"$(inherited)",
					"@executable_path/Frameworks",
				);
				MARKETING_VERSION = 1.0;
				PRODUCT_BUNDLE_IDENTIFIER = "gif.com.GIF-App";
				PRODUCT_NAME = "$(TARGET_NAME)";
				SWIFT_EMIT_LOC_STRINGS = YES;
				SWIFT_VERSION = 5.0;
				TARGETED_DEVICE_FAMILY = "1,2";
			};
			name = Release;
		};
		5AFDB0542868B6FB00A36E70 /* Debug */ = {
			isa = XCBuildConfiguration;
			buildSettings = {
				ALWAYS_EMBED_SWIFT_STANDARD_LIBRARIES = YES;
				BUNDLE_LOADER = "$(TEST_HOST)";
				CODE_SIGN_STYLE = Automatic;
				CURRENT_PROJECT_VERSION = 1;
				DEVELOPMENT_TEAM = C9V28LHSUN;
				GENERATE_INFOPLIST_FILE = YES;
				IPHONEOS_DEPLOYMENT_TARGET = 15.4;
				MARKETING_VERSION = 1.0;
				PRODUCT_BUNDLE_IDENTIFIER = "gif.com.GIF-AppTests";
				PRODUCT_NAME = "$(TARGET_NAME)";
				SWIFT_EMIT_LOC_STRINGS = NO;
				SWIFT_VERSION = 5.0;
				TARGETED_DEVICE_FAMILY = "1,2";
				TEST_HOST = "$(BUILT_PRODUCTS_DIR)/GIF App.app/GIF App";
			};
			name = Debug;
		};
		5AFDB0552868B6FB00A36E70 /* Release */ = {
			isa = XCBuildConfiguration;
			buildSettings = {
				ALWAYS_EMBED_SWIFT_STANDARD_LIBRARIES = YES;
				BUNDLE_LOADER = "$(TEST_HOST)";
				CODE_SIGN_STYLE = Automatic;
				CURRENT_PROJECT_VERSION = 1;
				DEVELOPMENT_TEAM = C9V28LHSUN;
				GENERATE_INFOPLIST_FILE = YES;
				IPHONEOS_DEPLOYMENT_TARGET = 15.4;
				MARKETING_VERSION = 1.0;
				PRODUCT_BUNDLE_IDENTIFIER = "gif.com.GIF-AppTests";
				PRODUCT_NAME = "$(TARGET_NAME)";
				SWIFT_EMIT_LOC_STRINGS = NO;
				SWIFT_VERSION = 5.0;
				TARGETED_DEVICE_FAMILY = "1,2";
				TEST_HOST = "$(BUILT_PRODUCTS_DIR)/GIF App.app/GIF App";
			};
			name = Release;
		};
		5AFDB0572868B6FB00A36E70 /* Debug */ = {
			isa = XCBuildConfiguration;
			buildSettings = {
				ALWAYS_EMBED_SWIFT_STANDARD_LIBRARIES = YES;
				CODE_SIGN_STYLE = Automatic;
				CURRENT_PROJECT_VERSION = 1;
				DEVELOPMENT_TEAM = C9V28LHSUN;
				GENERATE_INFOPLIST_FILE = YES;
				MARKETING_VERSION = 1.0;
				PRODUCT_BUNDLE_IDENTIFIER = "gif.com.GIF-AppUITests";
				PRODUCT_NAME = "$(TARGET_NAME)";
				SWIFT_EMIT_LOC_STRINGS = NO;
				SWIFT_VERSION = 5.0;
				TARGETED_DEVICE_FAMILY = "1,2";
				TEST_TARGET_NAME = "GIF App";
			};
			name = Debug;
		};
		5AFDB0582868B6FB00A36E70 /* Release */ = {
			isa = XCBuildConfiguration;
			buildSettings = {
				ALWAYS_EMBED_SWIFT_STANDARD_LIBRARIES = YES;
				CODE_SIGN_STYLE = Automatic;
				CURRENT_PROJECT_VERSION = 1;
				DEVELOPMENT_TEAM = C9V28LHSUN;
				GENERATE_INFOPLIST_FILE = YES;
				MARKETING_VERSION = 1.0;
				PRODUCT_BUNDLE_IDENTIFIER = "gif.com.GIF-AppUITests";
				PRODUCT_NAME = "$(TARGET_NAME)";
				SWIFT_EMIT_LOC_STRINGS = NO;
				SWIFT_VERSION = 5.0;
				TARGETED_DEVICE_FAMILY = "1,2";
				TEST_TARGET_NAME = "GIF App";
			};
			name = Release;
		};
/* End XCBuildConfiguration section */

/* Begin XCConfigurationList section */
		5AFDB0222868B6F600A36E70 /* Build configuration list for PBXProject "GIF App" */ = {
			isa = XCConfigurationList;
			buildConfigurations = (
				5AFDB04E2868B6FB00A36E70 /* Debug */,
				5AFDB04F2868B6FB00A36E70 /* Release */,
			);
			defaultConfigurationIsVisible = 0;
			defaultConfigurationName = Release;
		};
		5AFDB0502868B6FB00A36E70 /* Build configuration list for PBXNativeTarget "GIF App" */ = {
			isa = XCConfigurationList;
			buildConfigurations = (
				5AFDB0512868B6FB00A36E70 /* Debug */,
				5AFDB0522868B6FB00A36E70 /* Release */,
			);
			defaultConfigurationIsVisible = 0;
			defaultConfigurationName = Release;
		};
		5AFDB0532868B6FB00A36E70 /* Build configuration list for PBXNativeTarget "GIF AppTests" */ = {
			isa = XCConfigurationList;
			buildConfigurations = (
				5AFDB0542868B6FB00A36E70 /* Debug */,
				5AFDB0552868B6FB00A36E70 /* Release */,
			);
			defaultConfigurationIsVisible = 0;
			defaultConfigurationName = Release;
		};
		5AFDB0562868B6FB00A36E70 /* Build configuration list for PBXNativeTarget "GIF AppUITests" */ = {
			isa = XCConfigurationList;
			buildConfigurations = (
				5AFDB0572868B6FB00A36E70 /* Debug */,
				5AFDB0582868B6FB00A36E70 /* Release */,
			);
			defaultConfigurationIsVisible = 0;
			defaultConfigurationName = Release;
		};
/* End XCConfigurationList section */

/* Begin XCVersionGroup section */
		5AFDB0352868B6FA00A36E70 /* GIF_App.xcdatamodeld */ = {
			isa = XCVersionGroup;
			children = (
				5AFDB0362868B6FA00A36E70 /* GIF_App.xcdatamodel */,
			);
			currentVersion = 5AFDB0362868B6FA00A36E70 /* GIF_App.xcdatamodel */;
			path = GIF_App.xcdatamodeld;
			sourceTree = "<group>";
			versionGroupType = wrapper.xcdatamodel;
		};
/* End XCVersionGroup section */
	};
	rootObject = 5AFDB01F2868B6F600A36E70 /* Project object */;
}
